{

  "packages": [
    {
      "name": "not_calvinalkan/wp-eloquent",
      "version": "0.2.0",
      "source": {
        "type": "git",
        "url": "https://github.com/composer/semver.git",
        "reference": "a02fdf930a3c1c3ed3a49b5f63859c0c20e10464"
      },
      "dist": {
        "type": "zip",
        "url": "https://api.github.com/repos/composer/semver/zipball/a02fdf930a3c1c3ed3a49b5f63859c0c20e10464",
        "reference": "a02fdf930a3c1c3ed3a49b5f63859c0c20e10464",
        "shasum": ""
      },
      "require": {
        "php": "^5.3.2 || ^7.0 || ^8.0"
      },
      "require-dev": {
        "phpstan/phpstan": "^0.12.54",
        "symfony/phpunit-bridge": "^4.2 || ^5"
      },
      "type": "library",
      "extra": {
        "branch-alias": {
          "dev-main": "3.x-dev"
        }
      },
      "autoload": {
        "psr-4": {
          "Composer\\Semver\\": "src"
        }
      },
      "notification-url": "https://packagist.org/downloads/",
      "license": [
        "MIT"
      ],
      "authors": [
        {
          "name": "Nils Adermann",
          "email": "naderman@naderman.de",
          "homepage": "http://www.naderman.de"
        },
        {
          "name": "Jordi Boggiano",
          "email": "j.boggiano@seld.be",
          "homepage": "http://seld.be"
        },
        {
          "name": "Rob Bast",
          "email": "rob.bast@gmail.com",
          "homepage": "http://robbast.nl"
        }
      ],
      "description": "Semver library that offers utilities, version constraint parsing and validation.",
      "keywords": [
        "semantic",
        "semver",
        "validation",
        "versioning"
      ],
      "support": {
        "irc": "irc://irc.freenode.org/composer",
        "issues": "https://github.com/composer/semver/issues",
        "source": "https://github.com/composer/semver/tree/3.2.4"
      },
      "funding": [
        {
          "url": "https://packagist.com",
          "type": "custom"
        },
        {
          "url": "https://github.com/composer",
          "type": "github"
        },
        {
          "url": "https://tidelift.com/funding/github/packagist/composer/composer",
          "type": "tidelift"
        }
      ],
      "time": "2020-11-13T08:59:24+00:00"
    }
  ]

}
